// !$*UTF8*$!
{
	archiveVersion = 1;
	classes = {
	};
	objectVersion = 50;
	objects = {

/* Begin PBXBuildFile section */
		631BD02B23DB6A7500CAE4F4 /* AppDelegate.swift in Sources */ = {isa = PBXBuildFile; fileRef = 631BD02A23DB6A7500CAE4F4 /* AppDelegate.swift */; };
		631BD02D23DB6A7500CAE4F4 /* SceneDelegate.swift in Sources */ = {isa = PBXBuildFile; fileRef = 631BD02C23DB6A7500CAE4F4 /* SceneDelegate.swift */; };
		631BD03223DB6A7500CAE4F4 /* Main.storyboard in Resources */ = {isa = PBXBuildFile; fileRef = 631BD03023DB6A7500CAE4F4 /* Main.storyboard */; };
		631BD03423DB6A7600CAE4F4 /* Assets.xcassets in Resources */ = {isa = PBXBuildFile; fileRef = 631BD03323DB6A7600CAE4F4 /* Assets.xcassets */; };
		631BD03723DB6A7600CAE4F4 /* LaunchScreen.storyboard in Resources */ = {isa = PBXBuildFile; fileRef = 631BD03523DB6A7600CAE4F4 /* LaunchScreen.storyboard */; };
		631BD03F23DB6B7E00CAE4F4 /* TableViewController.swift in Sources */ = {isa = PBXBuildFile; fileRef = 631BD03E23DB6B7E00CAE4F4 /* TableViewController.swift */; };
		631BD04123DB755E00CAE4F4 /* RestaurantTableViewCell.swift in Sources */ = {isa = PBXBuildFile; fileRef = 631BD04023DB755E00CAE4F4 /* RestaurantTableViewCell.swift */; };
/* End PBXBuildFile section */

/* Begin PBXFileReference section */
		631BD02723DB6A7500CAE4F4 /* RestaurantPin.app */ = {isa = PBXFileReference; explicitFileType = wrapper.application; includeInIndex = 0; path = RestaurantPin.app; sourceTree = BUILT_PRODUCTS_DIR; };
		631BD02A23DB6A7500CAE4F4 /* AppDelegate.swift */ = {isa = PBXFileReference; lastKnownFileType = sourcecode.swift; path = AppDelegate.swift; sourceTree = "<group>"; };
		631BD02C23DB6A7500CAE4F4 /* SceneDelegate.swift */ = {isa = PBXFileReference; lastKnownFileType = sourcecode.swift; path = SceneDelegate.swift; sourceTree = "<group>"; };
		631BD03123DB6A7500CAE4F4 /* Base */ = {isa = PBXFileReference; lastKnownFileType = file.storyboard; name = Base; path = Base.lproj/Main.storyboard; sourceTree = "<group>"; };
		631BD03323DB6A7600CAE4F4 /* Assets.xcassets */ = {isa = PBXFileReference; lastKnownFileType = folder.assetcatalog; path = Assets.xcassets; sourceTree = "<group>"; };
		631BD03623DB6A7600CAE4F4 /* Base */ = {isa = PBXFileReference; lastKnownFileType = file.storyboard; name = Base; path = Base.lproj/LaunchScreen.storyboard; sourceTree = "<group>"; };
		631BD03823DB6A7600CAE4F4 /* Info.plist */ = {isa = PBXFileReference; lastKnownFileType = text.plist.xml; path = Info.plist; sourceTree = "<group>"; };
		631BD03E23DB6B7E00CAE4F4 /* TableViewController.swift */ = {isa = PBXFileReference; lastKnownFileType = sourcecode.swift; path = TableViewController.swift; sourceTree = "<group>"; };
		631BD04023DB755E00CAE4F4 /* RestaurantTableViewCell.swift */ = {isa = PBXFileReference; lastKnownFileType = sourcecode.swift; path = RestaurantTableViewCell.swift; sourceTree = "<group>"; };
/* End PBXFileReference section */

/* Begin PBXFrameworksBuildPhase section */
		631BD02423DB6A7500CAE4F4 /* Frameworks */ = {
			isa = PBXFrameworksBuildPhase;
			buildActionMask = 2147483647;
			files = (
			);
			runOnlyForDeploymentPostprocessing = 0;
		};
/* End PBXFrameworksBuildPhase section */

/* Begin PBXGroup section */
		631BD01E23DB6A7500CAE4F4 = {
			isa = PBXGroup;
			children = (
				631BD03E23DB6B7E00CAE4F4 /* TableViewController.swift */,
				631BD02923DB6A7500CAE4F4 /* RestaurantPin */,
				631BD02823DB6A7500CAE4F4 /* Products */,
			);
			sourceTree = "<group>";
		};
		631BD02823DB6A7500CAE4F4 /* Products */ = {
			isa = PBXGroup;
			children = (
				631BD02723DB6A7500CAE4F4 /* RestaurantPin.app */,
			);
			name = Products;
			sourceTree = "<group>";
		};
		631BD02923DB6A7500CAE4F4 /* RestaurantPin */ = {
			isa = PBXGroup;
			children = (
				631BD02A23DB6A7500CAE4F4 /* AppDelegate.swift */,
				631BD02C23DB6A7500CAE4F4 /* SceneDelegate.swift */,
				631BD03023DB6A7500CAE4F4 /* Main.storyboard */,
				631BD04023DB755E00CAE4F4 /* RestaurantTableViewCell.swift */,
				631BD03323DB6A7600CAE4F4 /* Assets.xcassets */,
				631BD03523DB6A7600CAE4F4 /* LaunchScreen.storyboard */,
				631BD03823DB6A7600CAE4F4 /* Info.plist */,
			);
			path = RestaurantPin;
			sourceTree = "<group>";
		};
/* End PBXGroup section */

/* Begin PBXNativeTarget section */
		631BD02623DB6A7500CAE4F4 /* RestaurantPin */ = {
			isa = PBXNativeTarget;
			buildConfigurationList = 631BD03B23DB6A7600CAE4F4 /* Build configuration list for PBXNativeTarget "RestaurantPin" */;
			buildPhases = (
				631BD02323DB6A7500CAE4F4 /* Sources */,
				631BD02423DB6A7500CAE4F4 /* Frameworks */,
				631BD02523DB6A7500CAE4F4 /* Resources */,
			);
			buildRules = (
			);
			dependencies = (
			);
			name = RestaurantPin;
			productName = RestaurantPin;
			productReference = 631BD02723DB6A7500CAE4F4 /* RestaurantPin.app */;
			productType = "com.apple.product-type.application";
		};
/* End PBXNativeTarget section */

/* Begin PBXProject section */
		631BD01F23DB6A7500CAE4F4 /* Project object */ = {
			isa = PBXProject;
			attributes = {
				LastSwiftUpdateCheck = 1130;
				LastUpgradeCheck = 1130;
				ORGANIZATIONNAME = DAML;
				TargetAttributes = {
					631BD02623DB6A7500CAE4F4 = {
						CreatedOnToolsVersion = 11.3.1;
					};
				};
			};
			buildConfigurationList = 631BD02223DB6A7500CAE4F4 /* Build configuration list for PBXProject "RestaurantPin" */;
			compatibilityVersion = "Xcode 9.3";
			developmentRegion = en;
			hasScannedForEncodings = 0;
			knownRegions = (
				en,
				Base,
			);
			mainGroup = 631BD01E23DB6A7500CAE4F4;
			productRefGroup = 631BD02823DB6A7500CAE4F4 /* Products */;
			projectDirPath = "";
			projectRoot = "";
			targets = (
				631BD02623DB6A7500CAE4F4 /* RestaurantPin */,
			);
		};
/* End PBXProject section */

/* Begin PBXResourcesBuildPhase section */
		631BD02523DB6A7500CAE4F4 /* Resources */ = {
			isa = PBXResourcesBuildPhase;
			buildActionMask = 2147483647;
			files = (
				631BD03723DB6A7600CAE4F4 /* LaunchScreen.storyboard in Resources */,
				631BD03423DB6A7600CAE4F4 /* Assets.xcassets in Resources */,
				631BD03223DB6A7500CAE4F4 /* Main.storyboard in Resources */,
			);
			runOnlyForDeploymentPostprocessing = 0;
		};
/* End PBXResourcesBuildPhase section */

/* Begin PBXSourcesBuildPhase section */
		631BD02323DB6A7500CAE4F4 /* Sources */ = {
			isa = PBXSourcesBuildPhase;
			buildActionMask = 2147483647;
			files = (
				631BD04123DB755E00CAE4F4 /* RestaurantTableViewCell.swift in Sources */,
				631BD03F23DB6B7E00CAE4F4 /* TableViewController.swift in Sources */,
				631BD02B23DB6A7500CAE4F4 /* AppDelegate.swift in Sources */,
				631BD02D23DB6A7500CAE4F4 /* SceneDelegate.swift in Sources */,
			);
			runOnlyForDeploymentPostprocessing = 0;
		};
/* End PBXSourcesBuildPhase section */

/* Begin PBXVariantGroup section */
		631BD03023DB6A7500CAE4F4 /* Main.storyboard */ = {
			isa = PBXVariantGroup;
			children = (
				631BD03123DB6A7500CAE4F4 /* Base */,
			);
			name = Main.storyboard;
			sourceTree = "<group>";
		};
		631BD03523DB6A7600CAE4F4 /* LaunchScreen.storyboard */ = {
			isa = PBXVariantGroup;
			children = (
				631BD03623DB6A7600CAE4F4 /* Base */,
			);
			name = LaunchScreen.storyboard;
			sourceTree = "<group>";
		};
/* End PBXVariantGroup section */

/* Begin XCBuildConfiguration section */
		631BD03923DB6A7600CAE4F4 /* Debug */ = {
			isa = XCBuildConfiguration;
			buildSettings = {
				ALWAYS_SEARCH_USER_PATHS = NO;
				CLANG_ANALYZER_NONNULL = YES;
				CLANG_ANALYZER_NUMBER_OBJECT_CONVERSION = YES_AGGRESSIVE;
				CLANG_CXX_LANGUAGE_STANDARD = "gnu++14";
				CLANG_CXX_LIBRARY = "libc++";
				CLANG_ENABLE_MODULES = YES;
				CLANG_ENABLE_OBJC_ARC = YES;
				CLANG_ENABLE_OBJC_WEAK = YES;
				CLANG_WARN_BLOCK_CAPTURE_AUTORELEASING = YES;
				CLANG_WARN_BOOL_CONVERSION = YES;
				CLANG_WARN_COMMA = YES;
				CLANG_WARN_CONSTANT_CONVERSION = YES;
				CLANG_WARN_DEPRECATED_OBJC_IMPLEMENTATIONS = YES;
				CLANG_WARN_DIRECT_OBJC_ISA_USAGE = YES_ERROR;
				CLANG_WARN_DOCUMENTATION_COMMENTS = YES;
				CLANG_WARN_EMPTY_BODY = YES;
				CLANG_WARN_ENUM_CONVERSION = YES;
				CLANG_WARN_INFINITE_RECURSION = YES;
				CLANG_WARN_INT_CONVERSION = YES;
				CLANG_WARN_NON_LITERAL_NULL_CONVERSION = YES;
				CLANG_WARN_OBJC_IMPLICIT_RETAIN_SELF = YES;
				CLANG_WARN_OBJC_LITERAL_CONVERSION = YES;
				CLANG_WARN_OBJC_ROOT_CLASS = YES_ERROR;
				CLANG_WARN_RANGE_LOOP_ANALYSIS = YES;
				CLANG_WARN_STRICT_PROTOTYPES = YES;
				CLANG_WARN_SUSPICIOUS_MOVE = YES;
				CLANG_WARN_UNGUARDED_AVAILABILITY = YES_AGGRESSIVE;
				CLANG_WARN_UNREACHABLE_CODE = YES;
				CLANG_WARN__DUPLICATE_METHOD_MATCH = YES;
				COPY_PHASE_STRIP = NO;
				DEBUG_INFORMATION_FORMAT = dwarf;
				ENABLE_STRICT_OBJC_MSGSEND = YES;
				ENABLE_TESTABILITY = YES;
				GCC_C_LANGUAGE_STANDARD = gnu11;
				GCC_DYNAMIC_NO_PIC = NO;
				GCC_NO_COMMON_BLOCKS = YES;
				GCC_OPTIMIZATION_LEVEL = 0;
				GCC_PREPROCESSOR_DEFINITIONS = (
					"DEBUG=1",
					"$(inherited)",
				);
				GCC_WARN_64_TO_32_BIT_CONVERSION = YES;
				GCC_WARN_ABOUT_RETURN_TYPE = YES_ERROR;
				GCC_WARN_UNDECLARED_SELECTOR = YES;
				GCC_WARN_UNINITIALIZED_AUTOS = YES_AGGRESSIVE;
				GCC_WARN_UNUSED_FUNCTION = YES;
				GCC_WARN_UNUSED_VARIABLE = YES;
				IPHONEOS_DEPLOYMENT_TARGET = 13.2;
				MTL_ENABLE_DEBUG_INFO = INCLUDE_SOURCE;
				MTL_FAST_MATH = YES;
				ONLY_ACTIVE_ARCH = YES;
				SDKROOT = iphoneos;
				SWIFT_ACTIVE_COMPILATION_CONDITIONS = DEBUG;
				SWIFT_OPTIMIZATION_LEVEL = "-Onone";
			};
			name = Debug;
		};
		631BD03A23DB6A7600CAE4F4 /* Release */ = {
			isa = XCBuildConfiguration;
			buildSettings = {
				ALWAYS_SEARCH_USER_PATHS = NO;
				CLANG_ANALYZER_NONNULL = YES;
				CLANG_ANALYZER_NUMBER_OBJECT_CONVERSION = YES_AGGRESSIVE;
				CLANG_CXX_LANGUAGE_STANDARD = "gnu++14";
				CLANG_CXX_LIBRARY = "libc++";
				CLANG_ENABLE_MODULES = YES;
				CLANG_ENABLE_OBJC_ARC = YES;
				CLANG_ENABLE_OBJC_WEAK = YES;
				CLANG_WARN_BLOCK_CAPTURE_AUTORELEASING = YES;
				CLANG_WARN_BOOL_CONVERSION = YES;
				CLANG_WARN_COMMA = YES;
				CLANG_WARN_CONSTANT_CONVERSION = YES;
				CLANG_WARN_DEPRECATED_OBJC_IMPLEMENTATIONS = YES;
				CLANG_WARN_DIRECT_OBJC_ISA_USAGE = YES_ERROR;
				CLANG_WARN_DOCUMENTATION_COMMENTS = YES;
				CLANG_WARN_EMPTY_BODY = YES;
				CLANG_WARN_ENUM_CONVERSION = YES;
				CLANG_WARN_INFINITE_RECURSION = YES;
				CLANG_WARN_INT_CONVERSION = YES;
				CLANG_WARN_NON_LITERAL_NULL_CONVERSION = YES;
				CLANG_WARN_OBJC_IMPLICIT_RETAIN_SELF = YES;
				CLANG_WARN_OBJC_LITERAL_CONVERSION = YES;
				CLANG_WARN_OBJC_ROOT_CLASS = YES_ERROR;
				CLANG_WARN_RANGE_LOOP_ANALYSIS = YES;
				CLANG_WARN_STRICT_PROTOTYPES = YES;
				CLANG_WARN_SUSPICIOUS_MOVE = YES;
				CLANG_WARN_UNGUARDED_AVAILABILITY = YES_AGGRESSIVE;
				CLANG_WARN_UNREACHABLE_CODE = YES;
				CLANG_WARN__DUPLICATE_METHOD_MATCH = YES;
				COPY_PHASE_STRIP = NO;
				DEBUG_INFORMATION_FORMAT = "dwarf-with-dsym";
				ENABLE_NS_ASSERTIONS = NO;
				ENABLE_STRICT_OBJC_MSGSEND = YES;
				GCC_C_LANGUAGE_STANDARD = gnu11;
				GCC_NO_COMMON_BLOCKS = YES;
				GCC_WARN_64_TO_32_BIT_CONVERSION = YES;
				GCC_WARN_ABOUT_RETURN_TYPE = YES_ERROR;
				GCC_WARN_UNDECLARED_SELECTOR = YES;
				GCC_WARN_UNINITIALIZED_AUTOS = YES_AGGRESSIVE;
				GCC_WARN_UNUSED_FUNCTION = YES;
				GCC_WARN_UNUSED_VARIABLE = YES;
				IPHONEOS_DEPLOYMENT_TARGET = 13.2;
				MTL_ENABLE_DEBUG_INFO = NO;
				MTL_FAST_MATH = YES;
				SDKROOT = iphoneos;
				SWIFT_COMPILATION_MODE = wholemodule;
				SWIFT_OPTIMIZATION_LEVEL = "-O";
				VALIDATE_PRODUCT = YES;
			};
			name = Release;
		};
		631BD03C23DB6A7600CAE4F4 /* Debug */ = {
			isa = XCBuildConfiguration;
			buildSettings = {
				ASSETCATALOG_COMPILER_APPICON_NAME = AppIcon;
				CODE_SIGN_STYLE = Automatic;
				INFOPLIST_FILE = RestaurantPin/Info.plist;
				LD_RUNPATH_SEARCH_PATHS = (
					"$(inherited)",
					"@executable_path/Frameworks",
				);
				PRODUCT_BUNDLE_IDENTIFIER = DAML.RestaurantPin;
				PRODUCT_NAME = "$(TARGET_NAME)";
				SWIFT_VERSION = 5.0;
				TARGETED_DEVICE_FAMILY = "1,2";
			};
			name = Debug;
		};
		631BD03D23DB6A7600CAE4F4 /* Release */ = {
			isa = XCBuildConfiguration;
			buildSettings = {
				ASSETCATALOG_COMPILER_APPICON_NAME = AppIcon;
				CODE_SIGN_STYLE = Automatic;
				INFOPLIST_FILE = RestaurantPin/Info.plist;
				LD_RUNPATH_SEARCH_PATHS = (
					"$(inherited)",
					"@executable_path/Frameworks",
				);
				PRODUCT_BUNDLE_IDENTIFIER = DAML.RestaurantPin;
				PRODUCT_NAME = "$(TARGET_NAME)";
				SWIFT_VERSION = 5.0;
				TARGETED_DEVICE_FAMILY = "1,2";
			};
			name = Release;
		};
/* End XCBuildConfiguration section */

/* Begin XCConfigurationList section */
		631BD02223DB6A7500CAE4F4 /* Build configuration list for PBXProject "RestaurantPin" */ = {
			isa = XCConfigurationList;
			buildConfigurations = (
				631BD03923DB6A7600CAE4F4 /* Debug */,
				631BD03A23DB6A7600CAE4F4 /* Release */,
			);
			defaultConfigurationIsVisible = 0;
			defaultConfigurationName = Release;
		};
		631BD03B23DB6A7600CAE4F4 /* Build configuration list for PBXNativeTarget "RestaurantPin" */ = {
			isa = XCConfigurationList;
			buildConfigurations = (
				631BD03C23DB6A7600CAE4F4 /* Debug */,
				631BD03D23DB6A7600CAE4F4 /* Release */,
			);
			defaultConfigurationIsVisible = 0;
			defaultConfigurationName = Release;
		};
/* End XCConfigurationList section */
	};
	rootObject = 631BD01F23DB6A7500CAE4F4 /* Project object */;
}
