// !$*UTF8*$!
{
	archiveVersion = 1;
	classes = {
	};
	objectVersion = 50;
	objects = {

/* Begin PBXBuildFile section */
		63954C6E23D81E6E00F0404C /* AppDelegate.swift in Sources */ = {isa = PBXBuildFile; fileRef = 63954C6D23D81E6E00F0404C /* AppDelegate.swift */; };
		63954C7023D81E6E00F0404C /* SceneDelegate.swift in Sources */ = {isa = PBXBuildFile; fileRef = 63954C6F23D81E6E00F0404C /* SceneDelegate.swift */; };
		63954C7223D81E6E00F0404C /* ViewController.swift in Sources */ = {isa = PBXBuildFile; fileRef = 63954C7123D81E6E00F0404C /* ViewController.swift */; };
		63954C7523D81E6E00F0404C /* Main.storyboard in Resources */ = {isa = PBXBuildFile; fileRef = 63954C7323D81E6E00F0404C /* Main.storyboard */; };
		63954C7723D81E6E00F0404C /* Assets.xcassets in Resources */ = {isa = PBXBuildFile; fileRef = 63954C7623D81E6E00F0404C /* Assets.xcassets */; };
		63954C7A23D81E6E00F0404C /* LaunchScreen.storyboard in Resources */ = {isa = PBXBuildFile; fileRef = 63954C7823D81E6E00F0404C /* LaunchScreen.storyboard */; };
/* End PBXBuildFile section */

/* Begin PBXFileReference section */
		63954C6A23D81E6E00F0404C /* GuessTheFlag_finished.app */ = {isa = PBXFileReference; explicitFileType = wrapper.application; includeInIndex = 0; path = GuessTheFlag_finished.app; sourceTree = BUILT_PRODUCTS_DIR; };
		63954C6D23D81E6E00F0404C /* AppDelegate.swift */ = {isa = PBXFileReference; lastKnownFileType = sourcecode.swift; path = AppDelegate.swift; sourceTree = "<group>"; };
		63954C6F23D81E6E00F0404C /* SceneDelegate.swift */ = {isa = PBXFileReference; lastKnownFileType = sourcecode.swift; path = SceneDelegate.swift; sourceTree = "<group>"; };
		63954C7123D81E6E00F0404C /* ViewController.swift */ = {isa = PBXFileReference; lastKnownFileType = sourcecode.swift; path = ViewController.swift; sourceTree = "<group>"; };
		63954C7423D81E6E00F0404C /* Base */ = {isa = PBXFileReference; lastKnownFileType = file.storyboard; name = Base; path = Base.lproj/Main.storyboard; sourceTree = "<group>"; };
		63954C7623D81E6E00F0404C /* Assets.xcassets */ = {isa = PBXFileReference; lastKnownFileType = folder.assetcatalog; path = Assets.xcassets; sourceTree = "<group>"; };
		63954C7923D81E6E00F0404C /* Base */ = {isa = PBXFileReference; lastKnownFileType = file.storyboard; name = Base; path = Base.lproj/LaunchScreen.storyboard; sourceTree = "<group>"; };
		63954C7B23D81E6E00F0404C /* Info.plist */ = {isa = PBXFileReference; lastKnownFileType = text.plist.xml; path = Info.plist; sourceTree = "<group>"; };
/* End PBXFileReference section */

/* Begin PBXFrameworksBuildPhase section */
		63954C6723D81E6E00F0404C /* Frameworks */ = {
			isa = PBXFrameworksBuildPhase;
			buildActionMask = 2147483647;
			files = (
			);
			runOnlyForDeploymentPostprocessing = 0;
		};
/* End PBXFrameworksBuildPhase section */

/* Begin PBXGroup section */
		63954C6123D81E6E00F0404C = {
			isa = PBXGroup;
			children = (
				63954C6C23D81E6E00F0404C /* GuessTheFlag_finished */,
				63954C6B23D81E6E00F0404C /* Products */,
			);
			sourceTree = "<group>";
		};
		63954C6B23D81E6E00F0404C /* Products */ = {
			isa = PBXGroup;
			children = (
				63954C6A23D81E6E00F0404C /* GuessTheFlag_finished.app */,
			);
			name = Products;
			sourceTree = "<group>";
		};
		63954C6C23D81E6E00F0404C /* GuessTheFlag_finished */ = {
			isa = PBXGroup;
			children = (
				63954C6D23D81E6E00F0404C /* AppDelegate.swift */,
				63954C6F23D81E6E00F0404C /* SceneDelegate.swift */,
				63954C7123D81E6E00F0404C /* ViewController.swift */,
				63954C7323D81E6E00F0404C /* Main.storyboard */,
				63954C7623D81E6E00F0404C /* Assets.xcassets */,
				63954C7823D81E6E00F0404C /* LaunchScreen.storyboard */,
				63954C7B23D81E6E00F0404C /* Info.plist */,
			);
			path = GuessTheFlag_finished;
			sourceTree = "<group>";
		};
/* End PBXGroup section */

/* Begin PBXNativeTarget section */
		63954C6923D81E6E00F0404C /* GuessTheFlag_finished */ = {
			isa = PBXNativeTarget;
			buildConfigurationList = 63954C7E23D81E6E00F0404C /* Build configuration list for PBXNativeTarget "GuessTheFlag_finished" */;
			buildPhases = (
				63954C6623D81E6E00F0404C /* Sources */,
				63954C6723D81E6E00F0404C /* Frameworks */,
				63954C6823D81E6E00F0404C /* Resources */,
			);
			buildRules = (
			);
			dependencies = (
			);
			name = GuessTheFlag_finished;
			productName = GuessTheFlag_finished;
			productReference = 63954C6A23D81E6E00F0404C /* GuessTheFlag_finished.app */;
			productType = "com.apple.product-type.application";
		};
/* End PBXNativeTarget section */

/* Begin PBXProject section */
		63954C6223D81E6E00F0404C /* Project object */ = {
			isa = PBXProject;
			attributes = {
				LastSwiftUpdateCheck = 1130;
				LastUpgradeCheck = 1130;
				ORGANIZATIONNAME = DAML;
				TargetAttributes = {
					63954C6923D81E6E00F0404C = {
						CreatedOnToolsVersion = 11.3.1;
					};
				};
			};
			buildConfigurationList = 63954C6523D81E6E00F0404C /* Build configuration list for PBXProject "GuessTheFlag_finished" */;
			compatibilityVersion = "Xcode 9.3";
			developmentRegion = en;
			hasScannedForEncodings = 0;
			knownRegions = (
				en,
				Base,
			);
			mainGroup = 63954C6123D81E6E00F0404C;
			productRefGroup = 63954C6B23D81E6E00F0404C /* Products */;
			projectDirPath = "";
			projectRoot = "";
			targets = (
				63954C6923D81E6E00F0404C /* GuessTheFlag_finished */,
			);
		};
/* End PBXProject section */

/* Begin PBXResourcesBuildPhase section */
		63954C6823D81E6E00F0404C /* Resources */ = {
			isa = PBXResourcesBuildPhase;
			buildActionMask = 2147483647;
			files = (
				63954C7A23D81E6E00F0404C /* LaunchScreen.storyboard in Resources */,
				63954C7723D81E6E00F0404C /* Assets.xcassets in Resources */,
				63954C7523D81E6E00F0404C /* Main.storyboard in Resources */,
			);
			runOnlyForDeploymentPostprocessing = 0;
		};
/* End PBXResourcesBuildPhase section */

/* Begin PBXSourcesBuildPhase section */
		63954C6623D81E6E00F0404C /* Sources */ = {
			isa = PBXSourcesBuildPhase;
			buildActionMask = 2147483647;
			files = (
				63954C7223D81E6E00F0404C /* ViewController.swift in Sources */,
				63954C6E23D81E6E00F0404C /* AppDelegate.swift in Sources */,
				63954C7023D81E6E00F0404C /* SceneDelegate.swift in Sources */,
			);
			runOnlyForDeploymentPostprocessing = 0;
		};
/* End PBXSourcesBuildPhase section */

/* Begin PBXVariantGroup section */
		63954C7323D81E6E00F0404C /* Main.storyboard */ = {
			isa = PBXVariantGroup;
			children = (
				63954C7423D81E6E00F0404C /* Base */,
			);
			name = Main.storyboard;
			sourceTree = "<group>";
		};
		63954C7823D81E6E00F0404C /* LaunchScreen.storyboard */ = {
			isa = PBXVariantGroup;
			children = (
				63954C7923D81E6E00F0404C /* Base */,
			);
			name = LaunchScreen.storyboard;
			sourceTree = "<group>";
		};
/* End PBXVariantGroup section */

/* Begin XCBuildConfiguration section */
		63954C7C23D81E6E00F0404C /* Debug */ = {
			isa = XCBuildConfiguration;
			buildSettings = {
				ALWAYS_SEARCH_USER_PATHS = NO;
				CLANG_ANALYZER_NONNULL = YES;
				CLANG_ANALYZER_NUMBER_OBJECT_CONVERSION = YES_AGGRESSIVE;
				CLANG_CXX_LANGUAGE_STANDARD = "gnu++14";
				CLANG_CXX_LIBRARY = "libc++";
				CLANG_ENABLE_MODULES = YES;
				CLANG_ENABLE_OBJC_ARC = YES;
				CLANG_ENABLE_OBJC_WEAK = YES;
				CLANG_WARN_BLOCK_CAPTURE_AUTORELEASING = YES;
				CLANG_WARN_BOOL_CONVERSION = YES;
				CLANG_WARN_COMMA = YES;
				CLANG_WARN_CONSTANT_CONVERSION = YES;
				CLANG_WARN_DEPRECATED_OBJC_IMPLEMENTATIONS = YES;
				CLANG_WARN_DIRECT_OBJC_ISA_USAGE = YES_ERROR;
				CLANG_WARN_DOCUMENTATION_COMMENTS = YES;
				CLANG_WARN_EMPTY_BODY = YES;
				CLANG_WARN_ENUM_CONVERSION = YES;
				CLANG_WARN_INFINITE_RECURSION = YES;
				CLANG_WARN_INT_CONVERSION = YES;
				CLANG_WARN_NON_LITERAL_NULL_CONVERSION = YES;
				CLANG_WARN_OBJC_IMPLICIT_RETAIN_SELF = YES;
				CLANG_WARN_OBJC_LITERAL_CONVERSION = YES;
				CLANG_WARN_OBJC_ROOT_CLASS = YES_ERROR;
				CLANG_WARN_RANGE_LOOP_ANALYSIS = YES;
				CLANG_WARN_STRICT_PROTOTYPES = YES;
				CLANG_WARN_SUSPICIOUS_MOVE = YES;
				CLANG_WARN_UNGUARDED_AVAILABILITY = YES_AGGRESSIVE;
				CLANG_WARN_UNREACHABLE_CODE = YES;
				CLANG_WARN__DUPLICATE_METHOD_MATCH = YES;
				COPY_PHASE_STRIP = NO;
				DEBUG_INFORMATION_FORMAT = dwarf;
				ENABLE_STRICT_OBJC_MSGSEND = YES;
				ENABLE_TESTABILITY = YES;
				GCC_C_LANGUAGE_STANDARD = gnu11;
				GCC_DYNAMIC_NO_PIC = NO;
				GCC_NO_COMMON_BLOCKS = YES;
				GCC_OPTIMIZATION_LEVEL = 0;
				GCC_PREPROCESSOR_DEFINITIONS = (
					"DEBUG=1",
					"$(inherited)",
				);
				GCC_WARN_64_TO_32_BIT_CONVERSION = YES;
				GCC_WARN_ABOUT_RETURN_TYPE = YES_ERROR;
				GCC_WARN_UNDECLARED_SELECTOR = YES;
				GCC_WARN_UNINITIALIZED_AUTOS = YES_AGGRESSIVE;
				GCC_WARN_UNUSED_FUNCTION = YES;
				GCC_WARN_UNUSED_VARIABLE = YES;
				IPHONEOS_DEPLOYMENT_TARGET = 13.2;
				MTL_ENABLE_DEBUG_INFO = INCLUDE_SOURCE;
				MTL_FAST_MATH = YES;
				ONLY_ACTIVE_ARCH = YES;
				SDKROOT = iphoneos;
				SWIFT_ACTIVE_COMPILATION_CONDITIONS = DEBUG;
				SWIFT_OPTIMIZATION_LEVEL = "-Onone";
			};
			name = Debug;
		};
		63954C7D23D81E6E00F0404C /* Release */ = {
			isa = XCBuildConfiguration;
			buildSettings = {
				ALWAYS_SEARCH_USER_PATHS = NO;
				CLANG_ANALYZER_NONNULL = YES;
				CLANG_ANALYZER_NUMBER_OBJECT_CONVERSION = YES_AGGRESSIVE;
				CLANG_CXX_LANGUAGE_STANDARD = "gnu++14";
				CLANG_CXX_LIBRARY = "libc++";
				CLANG_ENABLE_MODULES = YES;
				CLANG_ENABLE_OBJC_ARC = YES;
				CLANG_ENABLE_OBJC_WEAK = YES;
				CLANG_WARN_BLOCK_CAPTURE_AUTORELEASING = YES;
				CLANG_WARN_BOOL_CONVERSION = YES;
				CLANG_WARN_COMMA = YES;
				CLANG_WARN_CONSTANT_CONVERSION = YES;
				CLANG_WARN_DEPRECATED_OBJC_IMPLEMENTATIONS = YES;
				CLANG_WARN_DIRECT_OBJC_ISA_USAGE = YES_ERROR;
				CLANG_WARN_DOCUMENTATION_COMMENTS = YES;
				CLANG_WARN_EMPTY_BODY = YES;
				CLANG_WARN_ENUM_CONVERSION = YES;
				CLANG_WARN_INFINITE_RECURSION = YES;
				CLANG_WARN_INT_CONVERSION = YES;
				CLANG_WARN_NON_LITERAL_NULL_CONVERSION = YES;
				CLANG_WARN_OBJC_IMPLICIT_RETAIN_SELF = YES;
				CLANG_WARN_OBJC_LITERAL_CONVERSION = YES;
				CLANG_WARN_OBJC_ROOT_CLASS = YES_ERROR;
				CLANG_WARN_RANGE_LOOP_ANALYSIS = YES;
				CLANG_WARN_STRICT_PROTOTYPES = YES;
				CLANG_WARN_SUSPICIOUS_MOVE = YES;
				CLANG_WARN_UNGUARDED_AVAILABILITY = YES_AGGRESSIVE;
				CLANG_WARN_UNREACHABLE_CODE = YES;
				CLANG_WARN__DUPLICATE_METHOD_MATCH = YES;
				COPY_PHASE_STRIP = NO;
				DEBUG_INFORMATION_FORMAT = "dwarf-with-dsym";
				ENABLE_NS_ASSERTIONS = NO;
				ENABLE_STRICT_OBJC_MSGSEND = YES;
				GCC_C_LANGUAGE_STANDARD = gnu11;
				GCC_NO_COMMON_BLOCKS = YES;
				GCC_WARN_64_TO_32_BIT_CONVERSION = YES;
				GCC_WARN_ABOUT_RETURN_TYPE = YES_ERROR;
				GCC_WARN_UNDECLARED_SELECTOR = YES;
				GCC_WARN_UNINITIALIZED_AUTOS = YES_AGGRESSIVE;
				GCC_WARN_UNUSED_FUNCTION = YES;
				GCC_WARN_UNUSED_VARIABLE = YES;
				IPHONEOS_DEPLOYMENT_TARGET = 13.2;
				MTL_ENABLE_DEBUG_INFO = NO;
				MTL_FAST_MATH = YES;
				SDKROOT = iphoneos;
				SWIFT_COMPILATION_MODE = wholemodule;
				SWIFT_OPTIMIZATION_LEVEL = "-O";
				VALIDATE_PRODUCT = YES;
			};
			name = Release;
		};
		63954C7F23D81E6E00F0404C /* Debug */ = {
			isa = XCBuildConfiguration;
			buildSettings = {
				ASSETCATALOG_COMPILER_APPICON_NAME = AppIcon;
				CODE_SIGN_STYLE = Automatic;
				INFOPLIST_FILE = GuessTheFlag_finished/Info.plist;
				LD_RUNPATH_SEARCH_PATHS = (
					"$(inherited)",
					"@executable_path/Frameworks",
				);
				PRODUCT_BUNDLE_IDENTIFIER = "DAML.GuessTheFlag-finished";
				PRODUCT_NAME = "$(TARGET_NAME)";
				SWIFT_VERSION = 5.0;
				TARGETED_DEVICE_FAMILY = "1,2";
			};
			name = Debug;
		};
		63954C8023D81E6E00F0404C /* Release */ = {
			isa = XCBuildConfiguration;
			buildSettings = {
				ASSETCATALOG_COMPILER_APPICON_NAME = AppIcon;
				CODE_SIGN_STYLE = Automatic;
				INFOPLIST_FILE = GuessTheFlag_finished/Info.plist;
				LD_RUNPATH_SEARCH_PATHS = (
					"$(inherited)",
					"@executable_path/Frameworks",
				);
				PRODUCT_BUNDLE_IDENTIFIER = "DAML.GuessTheFlag-finished";
				PRODUCT_NAME = "$(TARGET_NAME)";
				SWIFT_VERSION = 5.0;
				TARGETED_DEVICE_FAMILY = "1,2";
			};
			name = Release;
		};
/* End XCBuildConfiguration section */

/* Begin XCConfigurationList section */
		63954C6523D81E6E00F0404C /* Build configuration list for PBXProject "GuessTheFlag_finished" */ = {
			isa = XCConfigurationList;
			buildConfigurations = (
				63954C7C23D81E6E00F0404C /* Debug */,
				63954C7D23D81E6E00F0404C /* Release */,
			);
			defaultConfigurationIsVisible = 0;
			defaultConfigurationName = Release;
		};
		63954C7E23D81E6E00F0404C /* Build configuration list for PBXNativeTarget "GuessTheFlag_finished" */ = {
			isa = XCConfigurationList;
			buildConfigurations = (
				63954C7F23D81E6E00F0404C /* Debug */,
				63954C8023D81E6E00F0404C /* Release */,
			);
			defaultConfigurationIsVisible = 0;
			defaultConfigurationName = Release;
		};
/* End XCConfigurationList section */
	};
	rootObject = 63954C6223D81E6E00F0404C /* Project object */;
}
